
Microsoft Visual Studio Solution File, Format Version 12.00
# Visual Studio Version 16
VisualStudioVersion = 16.0.29324.140
MinimumVisualStudioVersion = 10.0.40219.1
Project("{FAE04EC0-301F-11D3-BF4B-00C04F79EFBC}") = "batchHandle", "batchHandle.csproj", "{CA3EE492-A19B-4B57-A57C-E976F4BD58FC}"
EndProject
Global
	GlobalSection(SolutionConfigurationPlatforms) = preSolution
		Debug|Any CPU = Debug|Any CPU
		Release|Any CPU = Release|Any CPU
	EndGlobalSection
	GlobalSection(ProjectConfigurationPlatforms) = postSolution
		{CA3EE492-A19B-4B57-A57C-E976F4BD58FC}.Debug|Any CPU.ActiveCfg = Debug|Any CPU
		{CA3EE492-A19B-4B57-A57C-E976F4BD58FC}.Debug|Any CPU.Build.0 = Debug|Any CPU
		{CA3EE492-A19B-4B57-A57C-E976F4BD58FC}.Release|Any CPU.ActiveCfg = Release|Any CPU
		{CA3EE492-A19B-4B57-A57C-E976F4BD58FC}.Release|Any CPU.Build.0 = Release|Any CPU
	EndGlobalSection
	GlobalSection(SolutionProperties) = preSolution
		HideSolutionNode = FALSE
	EndGlobalSection
	GlobalSection(ExtensibilityGlobals) = postSolution
		SolutionGuid = {2538DA4E-B885-49CE-AC58-2B04D81F61B6}
	EndGlobalSection
EndGlobal
